
Microsoft Visual Studio Solution File, Format Version 12.00
# Visual Studio Version 17
VisualStudioVersion = 17.9.34723.18
MinimumVisualStudioVersion = 10.0.40219.1
Project("{8BC9CEB8-8B4A-11D0-8D11-00A0C91BC942}") = "TD1-2-1", "TD1-2-1.vcxproj", "{B760A61E-62DB-4FB1-97E9-BE85D9A72674}"
EndProject
Global
	GlobalSection(SolutionConfigurationPlatforms) = preSolution
		Debug|x64 = Debug|x64
		Release|x64 = Release|x64
	EndGlobalSection
	GlobalSection(ProjectConfigurationPlatforms) = postSolution
		{B760A61E-62DB-4FB1-97E9-BE85D9A72674}.Debug|x64.ActiveCfg = Debug|x64
		{B760A61E-62DB-4FB1-97E9-BE85D9A72674}.Debug|x64.Build.0 = Debug|x64
		{B760A61E-62DB-4FB1-97E9-BE85D9A72674}.Release|x64.ActiveCfg = Release|x64
		{B760A61E-62DB-4FB1-97E9-BE85D9A72674}.Release|x64.Build.0 = Release|x64
	EndGlobalSection
	GlobalSection(SolutionProperties) = preSolution
		HideSolutionNode = FALSE
	EndGlobalSection
	GlobalSection(ExtensibilityGlobals) = postSolution
		SolutionGuid = {29616F30-72D2-4076-A544-324A32314366}
	EndGlobalSection
EndGlobal
